
Microsoft Visual Studio Solution File, Format Version 12.00
# Visual Studio Version 17
VisualStudioVersion = 17.1.32414.318
MinimumVisualStudioVersion = 10.0.40219.1
Project("{FAE04EC0-301F-11D3-BF4B-00C04F79EFBC}") = "SuggestionAppUI", "SuggestionAppUI\SuggestionAppUI.csproj", "{B3AF33E8-62BE-4471-BCDE-2F1B1A3457E5}"
EndProject
Project("{FAE04EC0-301F-11D3-BF4B-00C04F79EFBC}") = "SuggestionAppLibrary", "SuggestionAppLibrary\SuggestionAppLibrary.csproj", "{CA508541-CCDA-4B25-9069-6AD8E0249369}"
EndProject
Global
	GlobalSection(SolutionConfigurationPlatforms) = preSolution
		Debug|Any CPU = Debug|Any CPU
		Release|Any CPU = Release|Any CPU
	EndGlobalSection
	GlobalSection(ProjectConfigurationPlatforms) = postSolution
		{B3AF33E8-62BE-4471-BCDE-2F1B1A3457E5}.Debug|Any CPU.ActiveCfg = Debug|Any CPU
		{B3AF33E8-62BE-4471-BCDE-2F1B1A3457E5}.Debug|Any CPU.Build.0 = Debug|Any CPU
		{B3AF33E8-62BE-4471-BCDE-2F1B1A3457E5}.Release|Any CPU.ActiveCfg = Release|Any CPU
		{B3AF33E8-62BE-4471-BCDE-2F1B1A3457E5}.Release|Any CPU.Build.0 = Release|Any CPU
		{CA508541-CCDA-4B25-9069-6AD8E0249369}.Debug|Any CPU.ActiveCfg = Debug|Any CPU
		{CA508541-CCDA-4B25-9069-6AD8E0249369}.Debug|Any CPU.Build.0 = Debug|Any CPU
		{CA508541-CCDA-4B25-9069-6AD8E0249369}.Release|Any CPU.ActiveCfg = Release|Any CPU
		{CA508541-CCDA-4B25-9069-6AD8E0249369}.Release|Any CPU.Build.0 = Release|Any CPU
	EndGlobalSection
	GlobalSection(SolutionProperties) = preSolution
		HideSolutionNode = FALSE
	EndGlobalSection
	GlobalSection(ExtensibilityGlobals) = postSolution
		SolutionGuid = {3ABDE3C7-6E18-47CE-B5FC-59970AAF7FA8}
	EndGlobalSection
EndGlobal
